
Microsoft Visual Studio Solution File, Format Version 12.00
# Visual Studio Version 17
VisualStudioVersion = 17.3.32929.385
MinimumVisualStudioVersion = 10.0.40219.1
Project("{FAE04EC0-301F-11D3-BF4B-00C04F79EFBC}") = "TUGASPBO7", "TUGASPBO7.csproj", "{31652C38-2146-4EE3-9372-2E8D2A04414F}"
EndProject
Global
	GlobalSection(SolutionConfigurationPlatforms) = preSolution
		Debug|Any CPU = Debug|Any CPU
		Release|Any CPU = Release|Any CPU
	EndGlobalSection
	GlobalSection(ProjectConfigurationPlatforms) = postSolution
		{31652C38-2146-4EE3-9372-2E8D2A04414F}.Debug|Any CPU.ActiveCfg = Debug|Any CPU
		{31652C38-2146-4EE3-9372-2E8D2A04414F}.Debug|Any CPU.Build.0 = Debug|Any CPU
		{31652C38-2146-4EE3-9372-2E8D2A04414F}.Release|Any CPU.ActiveCfg = Release|Any CPU
		{31652C38-2146-4EE3-9372-2E8D2A04414F}.Release|Any CPU.Build.0 = Release|Any CPU
	EndGlobalSection
	GlobalSection(SolutionProperties) = preSolution
		HideSolutionNode = FALSE
	EndGlobalSection
	GlobalSection(ExtensibilityGlobals) = postSolution
		SolutionGuid = {EE8620C3-C382-4AC2-812B-1A62C61D432E}
	EndGlobalSection
EndGlobal
